// !$*UTF8*$!
{
	archiveVersion = 1;
	classes = {
	};
	objectVersion = 46;
	objects = {

/* Begin PBXBuildFile section */
		8FAC00371A49DDBE005BD91F /* AppDelegate.swift in Sources */ = {isa = PBXBuildFile; fileRef = 8FAC00361A49DDBE005BD91F /* AppDelegate.swift */; };
		8FAC00391A49DDBE005BD91F /* ViewController.swift in Sources */ = {isa = PBXBuildFile; fileRef = 8FAC00381A49DDBE005BD91F /* ViewController.swift */; };
		8FAC003C1A49DDBE005BD91F /* Main.storyboard in Resources */ = {isa = PBXBuildFile; fileRef = 8FAC003A1A49DDBE005BD91F /* Main.storyboard */; };
		8FAC003E1A49DDBE005BD91F /* Images.xcassets in Resources */ = {isa = PBXBuildFile; fileRef = 8FAC003D1A49DDBE005BD91F /* Images.xcassets */; };
		8FAC00411A49DDBE005BD91F /* LaunchScreen.xib in Resources */ = {isa = PBXBuildFile; fileRef = 8FAC003F1A49DDBE005BD91F /* LaunchScreen.xib */; };
		8FAC004D1A49DDBE005BD91F /* PostcardTests.swift in Sources */ = {isa = PBXBuildFile; fileRef = 8FAC004C1A49DDBE005BD91F /* PostcardTests.swift */; };
		8FAC00571A49FE48005BD91F /* Times_Square.jpg in Resources */ = {isa = PBXBuildFile; fileRef = 8FAC00561A49FE48005BD91F /* Times_Square.jpg */; };
		8FAC00591A4A00BE005BD91F /* taylor_swift.jpg in Resources */ = {isa = PBXBuildFile; fileRef = 8FAC00581A4A00BE005BD91F /* taylor_swift.jpg */; };
/* End PBXBuildFile section */

/* Begin PBXContainerItemProxy section */
		8FAC00471A49DDBE005BD91F /* PBXContainerItemProxy */ = {
			isa = PBXContainerItemProxy;
			containerPortal = 8FAC00291A49DDBE005BD91F /* Project object */;
			proxyType = 1;
			remoteGlobalIDString = 8FAC00301A49DDBE005BD91F;
			remoteInfo = Postcard;
		};
/* End PBXContainerItemProxy section */

/* Begin PBXFileReference section */
		8FAC00311A49DDBE005BD91F /* Postcard.app */ = {isa = PBXFileReference; explicitFileType = wrapper.application; includeInIndex = 0; path = Postcard.app; sourceTree = BUILT_PRODUCTS_DIR; };
		8FAC00351A49DDBE005BD91F /* Info.plist */ = {isa = PBXFileReference; lastKnownFileType = text.plist.xml; path = Info.plist; sourceTree = "<group>"; };
		8FAC00361A49DDBE005BD91F /* AppDelegate.swift */ = {isa = PBXFileReference; lastKnownFileType = sourcecode.swift; path = AppDelegate.swift; sourceTree = "<group>"; };
		8FAC00381A49DDBE005BD91F /* ViewController.swift */ = {isa = PBXFileReference; lastKnownFileType = sourcecode.swift; path = ViewController.swift; sourceTree = "<group>"; };
		8FAC003B1A49DDBE005BD91F /* Base */ = {isa = PBXFileReference; lastKnownFileType = file.storyboard; name = Base; path = Base.lproj/Main.storyboard; sourceTree = "<group>"; };
		8FAC003D1A49DDBE005BD91F /* Images.xcassets */ = {isa = PBXFileReference; lastKnownFileType = folder.assetcatalog; path = Images.xcassets; sourceTree = "<group>"; };
		8FAC00401A49DDBE005BD91F /* Base */ = {isa = PBXFileReference; lastKnownFileType = file.xib; name = Base; path = Base.lproj/LaunchScreen.xib; sourceTree = "<group>"; };
		8FAC00461A49DDBE005BD91F /* PostcardTests.xctest */ = {isa = PBXFileReference; explicitFileType = wrapper.cfbundle; includeInIndex = 0; path = PostcardTests.xctest; sourceTree = BUILT_PRODUCTS_DIR; };
		8FAC004B1A49DDBE005BD91F /* Info.plist */ = {isa = PBXFileReference; lastKnownFileType = text.plist.xml; path = Info.plist; sourceTree = "<group>"; };
		8FAC004C1A49DDBE005BD91F /* PostcardTests.swift */ = {isa = PBXFileReference; lastKnownFileType = sourcecode.swift; path = PostcardTests.swift; sourceTree = "<group>"; };
		8FAC00561A49FE48005BD91F /* Times_Square.jpg */ = {isa = PBXFileReference; lastKnownFileType = image.jpeg; path = Times_Square.jpg; sourceTree = "<group>"; };
		8FAC00581A4A00BE005BD91F /* taylor_swift.jpg */ = {isa = PBXFileReference; lastKnownFileType = image.jpeg; path = taylor_swift.jpg; sourceTree = "<group>"; };
/* End PBXFileReference section */

/* Begin PBXFrameworksBuildPhase section */
		8FAC002E1A49DDBE005BD91F /* Frameworks */ = {
			isa = PBXFrameworksBuildPhase;
			buildActionMask = 2147483647;
			files = (
			);
			runOnlyForDeploymentPostprocessing = 0;
		};
		8FAC00431A49DDBE005BD91F /* Frameworks */ = {
			isa = PBXFrameworksBuildPhase;
			buildActionMask = 2147483647;
			files = (
			);
			runOnlyForDeploymentPostprocessing = 0;
		};
/* End PBXFrameworksBuildPhase section */

/* Begin PBXGroup section */
		8FAC00281A49DDBE005BD91F = {
			isa = PBXGroup;
			children = (
				8FAC00331A49DDBE005BD91F /* Postcard */,
				8FAC00491A49DDBE005BD91F /* PostcardTests */,
				8FAC00321A49DDBE005BD91F /* Products */,
			);
			sourceTree = "<group>";
		};
		8FAC00321A49DDBE005BD91F /* Products */ = {
			isa = PBXGroup;
			children = (
				8FAC00311A49DDBE005BD91F /* Postcard.app */,
				8FAC00461A49DDBE005BD91F /* PostcardTests.xctest */,
			);
			name = Products;
			sourceTree = "<group>";
		};
		8FAC00331A49DDBE005BD91F /* Postcard */ = {
			isa = PBXGroup;
			children = (
				8FAC00361A49DDBE005BD91F /* AppDelegate.swift */,
				8FAC00381A49DDBE005BD91F /* ViewController.swift */,
				8FAC003A1A49DDBE005BD91F /* Main.storyboard */,
				8FAC003D1A49DDBE005BD91F /* Images.xcassets */,
				8FAC003F1A49DDBE005BD91F /* LaunchScreen.xib */,
				8FAC00341A49DDBE005BD91F /* Supporting Files */,
			);
			path = Postcard;
			sourceTree = "<group>";
		};
		8FAC00341A49DDBE005BD91F /* Supporting Files */ = {
			isa = PBXGroup;
			children = (
				8FAC00351A49DDBE005BD91F /* Info.plist */,
				8FAC00581A4A00BE005BD91F /* taylor_swift.jpg */,
				8FAC00561A49FE48005BD91F /* Times_Square.jpg */,
			);
			name = "Supporting Files";
			sourceTree = "<group>";
		};
		8FAC00491A49DDBE005BD91F /* PostcardTests */ = {
			isa = PBXGroup;
			children = (
				8FAC004C1A49DDBE005BD91F /* PostcardTests.swift */,
				8FAC004A1A49DDBE005BD91F /* Supporting Files */,
			);
			path = PostcardTests;
			sourceTree = "<group>";
		};
		8FAC004A1A49DDBE005BD91F /* Supporting Files */ = {
			isa = PBXGroup;
			children = (
				8FAC004B1A49DDBE005BD91F /* Info.plist */,
			);
			name = "Supporting Files";
			sourceTree = "<group>";
		};
/* End PBXGroup section */

/* Begin PBXNativeTarget section */
		8FAC00301A49DDBE005BD91F /* Postcard */ = {
			isa = PBXNativeTarget;
			buildConfigurationList = 8FAC00501A49DDBE005BD91F /* Build configuration list for PBXNativeTarget "Postcard" */;
			buildPhases = (
				8FAC002D1A49DDBE005BD91F /* Sources */,
				8FAC002E1A49DDBE005BD91F /* Frameworks */,
				8FAC002F1A49DDBE005BD91F /* Resources */,
			);
			buildRules = (
			);
			dependencies = (
			);
			name = Postcard;
			productName = Postcard;
			productReference = 8FAC00311A49DDBE005BD91F /* Postcard.app */;
			productType = "com.apple.product-type.application";
		};
		8FAC00451A49DDBE005BD91F /* PostcardTests */ = {
			isa = PBXNativeTarget;
			buildConfigurationList = 8FAC00531A49DDBE005BD91F /* Build configuration list for PBXNativeTarget "PostcardTests" */;
			buildPhases = (
				8FAC00421A49DDBE005BD91F /* Sources */,
				8FAC00431A49DDBE005BD91F /* Frameworks */,
				8FAC00441A49DDBE005BD91F /* Resources */,
			);
			buildRules = (
			);
			dependencies = (
				8FAC00481A49DDBE005BD91F /* PBXTargetDependency */,
			);
			name = PostcardTests;
			productName = PostcardTests;
			productReference = 8FAC00461A49DDBE005BD91F /* PostcardTests.xctest */;
			productType = "com.apple.product-type.bundle.unit-test";
		};
/* End PBXNativeTarget section */

/* Begin PBXProject section */
		8FAC00291A49DDBE005BD91F /* Project object */ = {
			isa = PBXProject;
			attributes = {
				LastUpgradeCheck = 0610;
				ORGANIZATIONNAME = "Lia Abbott";
				TargetAttributes = {
					8FAC00301A49DDBE005BD91F = {
						CreatedOnToolsVersion = 6.1.1;
					};
					8FAC00451A49DDBE005BD91F = {
						CreatedOnToolsVersion = 6.1.1;
						TestTargetID = 8FAC00301A49DDBE005BD91F;
					};
				};
			};
			buildConfigurationList = 8FAC002C1A49DDBE005BD91F /* Build configuration list for PBXProject "Postcard" */;
			compatibilityVersion = "Xcode 3.2";
			developmentRegion = English;
			hasScannedForEncodings = 0;
			knownRegions = (
				en,
				Base,
			);
			mainGroup = 8FAC00281A49DDBE005BD91F;
			productRefGroup = 8FAC00321A49DDBE005BD91F /* Products */;
			projectDirPath = "";
			projectRoot = "";
			targets = (
				8FAC00301A49DDBE005BD91F /* Postcard */,
				8FAC00451A49DDBE005BD91F /* PostcardTests */,
			);
		};
/* End PBXProject section */

/* Begin PBXResourcesBuildPhase section */
		8FAC002F1A49DDBE005BD91F /* Resources */ = {
			isa = PBXResourcesBuildPhase;
			buildActionMask = 2147483647;
			files = (
				8FAC003C1A49DDBE005BD91F /* Main.storyboard in Resources */,
				8FAC00571A49FE48005BD91F /* Times_Square.jpg in Resources */,
				8FAC00411A49DDBE005BD91F /* LaunchScreen.xib in Resources */,
				8FAC00591A4A00BE005BD91F /* taylor_swift.jpg in Resources */,
				8FAC003E1A49DDBE005BD91F /* Images.xcassets in Resources */,
			);
			runOnlyForDeploymentPostprocessing = 0;
		};
		8FAC00441A49DDBE005BD91F /* Resources */ = {
			isa = PBXResourcesBuildPhase;
			buildActionMask = 2147483647;
			files = (
			);
			runOnlyForDeploymentPostprocessing = 0;
		};
/* End PBXResourcesBuildPhase section */

/* Begin PBXSourcesBuildPhase section */
		8FAC002D1A49DDBE005BD91F /* Sources */ = {
			isa = PBXSourcesBuildPhase;
			buildActionMask = 2147483647;
			files = (
				8FAC00391A49DDBE005BD91F /* ViewController.swift in Sources */,
				8FAC00371A49DDBE005BD91F /* AppDelegate.swift in Sources */,
			);
			runOnlyForDeploymentPostprocessing = 0;
		};
		8FAC00421A49DDBE005BD91F /* Sources */ = {
			isa = PBXSourcesBuildPhase;
			buildActionMask = 2147483647;
			files = (
				8FAC004D1A49DDBE005BD91F /* PostcardTests.swift in Sources */,
			);
			runOnlyForDeploymentPostprocessing = 0;
		};
/* End PBXSourcesBuildPhase section */

/* Begin PBXTargetDependency section */
		8FAC00481A49DDBE005BD91F /* PBXTargetDependency */ = {
			isa = PBXTargetDependency;
			target = 8FAC00301A49DDBE005BD91F /* Postcard */;
			targetProxy = 8FAC00471A49DDBE005BD91F /* PBXContainerItemProxy */;
		};
/* End PBXTargetDependency section */

/* Begin PBXVariantGroup section */
		8FAC003A1A49DDBE005BD91F /* Main.storyboard */ = {
			isa = PBXVariantGroup;
			children = (
				8FAC003B1A49DDBE005BD91F /* Base */,
			);
			name = Main.storyboard;
			sourceTree = "<group>";
		};
		8FAC003F1A49DDBE005BD91F /* LaunchScreen.xib */ = {
			isa = PBXVariantGroup;
			children = (
				8FAC00401A49DDBE005BD91F /* Base */,
			);
			name = LaunchScreen.xib;
			sourceTree = "<group>";
		};
/* End PBXVariantGroup section */

/* Begin XCBuildConfiguration section */
		8FAC004E1A49DDBE005BD91F /* Debug */ = {
			isa = XCBuildConfiguration;
			buildSettings = {
				ALWAYS_SEARCH_USER_PATHS = NO;
				CLANG_CXX_LANGUAGE_STANDARD = "gnu++0x";
				CLANG_CXX_LIBRARY = "libc++";
				CLANG_ENABLE_MODULES = YES;
				CLANG_ENABLE_OBJC_ARC = YES;
				CLANG_WARN_BOOL_CONVERSION = YES;
				CLANG_WARN_CONSTANT_CONVERSION = YES;
				CLANG_WARN_DIRECT_OBJC_ISA_USAGE = YES_ERROR;
				CLANG_WARN_EMPTY_BODY = YES;
				CLANG_WARN_ENUM_CONVERSION = YES;
				CLANG_WARN_INT_CONVERSION = YES;
				CLANG_WARN_OBJC_ROOT_CLASS = YES_ERROR;
				CLANG_WARN_UNREACHABLE_CODE = YES;
				CLANG_WARN__DUPLICATE_METHOD_MATCH = YES;
				"CODE_SIGN_IDENTITY[sdk=iphoneos*]" = "iPhone Developer";
				COPY_PHASE_STRIP = NO;
				ENABLE_STRICT_OBJC_MSGSEND = YES;
				GCC_C_LANGUAGE_STANDARD = gnu99;
				GCC_DYNAMIC_NO_PIC = NO;
				GCC_OPTIMIZATION_LEVEL = 0;
				GCC_PREPROCESSOR_DEFINITIONS = (
					"DEBUG=1",
					"$(inherited)",
				);
				GCC_SYMBOLS_PRIVATE_EXTERN = NO;
				GCC_WARN_64_TO_32_BIT_CONVERSION = YES;
				GCC_WARN_ABOUT_RETURN_TYPE = YES_ERROR;
				GCC_WARN_UNDECLARED_SELECTOR = YES;
				GCC_WARN_UNINITIALIZED_AUTOS = YES_AGGRESSIVE;
				GCC_WARN_UNUSED_FUNCTION = YES;
				GCC_WARN_UNUSED_VARIABLE = YES;
				IPHONEOS_DEPLOYMENT_TARGET = 8.1;
				MTL_ENABLE_DEBUG_INFO = YES;
				ONLY_ACTIVE_ARCH = YES;
				SDKROOT = iphoneos;
				SWIFT_OPTIMIZATION_LEVEL = "-Onone";
				TARGETED_DEVICE_FAMILY = "1,2";
			};
			name = Debug;
		};
		8FAC004F1A49DDBE005BD91F /* Release */ = {
			isa = XCBuildConfiguration;
			buildSettings = {
				ALWAYS_SEARCH_USER_PATHS = NO;
				CLANG_CXX_LANGUAGE_STANDARD = "gnu++0x";
				CLANG_CXX_LIBRARY = "libc++";
				CLANG_ENABLE_MODULES = YES;
				CLANG_ENABLE_OBJC_ARC = YES;
				CLANG_WARN_BOOL_CONVERSION = YES;
				CLANG_WARN_CONSTANT_CONVERSION = YES;
				CLANG_WARN_DIRECT_OBJC_ISA_USAGE = YES_ERROR;
				CLANG_WARN_EMPTY_BODY = YES;
				CLANG_WARN_ENUM_CONVERSION = YES;
				CLANG_WARN_INT_CONVERSION = YES;
				CLANG_WARN_OBJC_ROOT_CLASS = YES_ERROR;
				CLANG_WARN_UNREACHABLE_CODE = YES;
				CLANG_WARN__DUPLICATE_METHOD_MATCH = YES;
				"CODE_SIGN_IDENTITY[sdk=iphoneos*]" = "iPhone Developer";
				COPY_PHASE_STRIP = YES;
				ENABLE_NS_ASSERTIONS = NO;
				ENABLE_STRICT_OBJC_MSGSEND = YES;
				GCC_C_LANGUAGE_STANDARD = gnu99;
				GCC_WARN_64_TO_32_BIT_CONVERSION = YES;
				GCC_WARN_ABOUT_RETURN_TYPE = YES_ERROR;
				GCC_WARN_UNDECLARED_SELECTOR = YES;
				GCC_WARN_UNINITIALIZED_AUTOS = YES_AGGRESSIVE;
				GCC_WARN_UNUSED_FUNCTION = YES;
				GCC_WARN_UNUSED_VARIABLE = YES;
				IPHONEOS_DEPLOYMENT_TARGET = 8.1;
				MTL_ENABLE_DEBUG_INFO = NO;
				SDKROOT = iphoneos;
				TARGETED_DEVICE_FAMILY = "1,2";
				VALIDATE_PRODUCT = YES;
			};
			name = Release;
		};
		8FAC00511A49DDBE005BD91F /* Debug */ = {
			isa = XCBuildConfiguration;
			buildSettings = {
				ASSETCATALOG_COMPILER_APPICON_NAME = AppIcon;
				INFOPLIST_FILE = Postcard/Info.plist;
				LD_RUNPATH_SEARCH_PATHS = "$(inherited) @executable_path/Frameworks";
				PRODUCT_NAME = "$(TARGET_NAME)";
			};
			name = Debug;
		};
		8FAC00521A49DDBE005BD91F /* Release */ = {
			isa = XCBuildConfiguration;
			buildSettings = {
				ASSETCATALOG_COMPILER_APPICON_NAME = AppIcon;
				INFOPLIST_FILE = Postcard/Info.plist;
				LD_RUNPATH_SEARCH_PATHS = "$(inherited) @executable_path/Frameworks";
				PRODUCT_NAME = "$(TARGET_NAME)";
			};
			name = Release;
		};
		8FAC00541A49DDBE005BD91F /* Debug */ = {
			isa = XCBuildConfiguration;
			buildSettings = {
				BUNDLE_LOADER = "$(TEST_HOST)";
				FRAMEWORK_SEARCH_PATHS = (
					"$(SDKROOT)/Developer/Library/Frameworks",
					"$(inherited)",
				);
				GCC_PREPROCESSOR_DEFINITIONS = (
					"DEBUG=1",
					"$(inherited)",
				);
				INFOPLIST_FILE = PostcardTests/Info.plist;
				LD_RUNPATH_SEARCH_PATHS = "$(inherited) @executable_path/Frameworks @loader_path/Frameworks";
				PRODUCT_NAME = "$(TARGET_NAME)";
				TEST_HOST = "$(BUILT_PRODUCTS_DIR)/Postcard.app/Postcard";
			};
			name = Debug;
		};
		8FAC00551A49DDBE005BD91F /* Release */ = {
			isa = XCBuildConfiguration;
			buildSettings = {
				BUNDLE_LOADER = "$(TEST_HOST)";
				FRAMEWORK_SEARCH_PATHS = (
					"$(SDKROOT)/Developer/Library/Frameworks",
					"$(inherited)",
				);
				INFOPLIST_FILE = PostcardTests/Info.plist;
				LD_RUNPATH_SEARCH_PATHS = "$(inherited) @executable_path/Frameworks @loader_path/Frameworks";
				PRODUCT_NAME = "$(TARGET_NAME)";
				TEST_HOST = "$(BUILT_PRODUCTS_DIR)/Postcard.app/Postcard";
			};
			name = Release;
		};
/* End XCBuildConfiguration section */

/* Begin XCConfigurationList section */
		8FAC002C1A49DDBE005BD91F /* Build configuration list for PBXProject "Postcard" */ = {
			isa = XCConfigurationList;
			buildConfigurations = (
				8FAC004E1A49DDBE005BD91F /* Debug */,
				8FAC004F1A49DDBE005BD91F /* Release */,
			);
			defaultConfigurationIsVisible = 0;
			defaultConfigurationName = Release;
		};
		8FAC00501A49DDBE005BD91F /* Build configuration list for PBXNativeTarget "Postcard" */ = {
			isa = XCConfigurationList;
			buildConfigurations = (
				8FAC00511A49DDBE005BD91F /* Debug */,
				8FAC00521A49DDBE005BD91F /* Release */,
			);
			defaultConfigurationIsVisible = 0;
		};
		8FAC00531A49DDBE005BD91F /* Build configuration list for PBXNativeTarget "PostcardTests" */ = {
			isa = XCConfigurationList;
			buildConfigurations = (
				8FAC00541A49DDBE005BD91F /* Debug */,
				8FAC00551A49DDBE005BD91F /* Release */,
			);
			defaultConfigurationIsVisible = 0;
		};
/* End XCConfigurationList section */
	};
	rootObject = 8FAC00291A49DDBE005BD91F /* Project object */;
}
